
Microsoft Visual Studio Solution File, Format Version 12.00
# Visual Studio Version 17
VisualStudioVersion = 17.1.32421.90
MinimumVisualStudioVersion = 10.0.40219.1
Project("{FAE04EC0-301F-11D3-BF4B-00C04F79EFBC}") = "CopyGroupPlugin", "CopyGroupPlugin.csproj", "{57107CB6-3163-41F6-8854-5A4DC403F2C6}"
EndProject
Global
	GlobalSection(SolutionConfigurationPlatforms) = preSolution
		Debug|Any CPU = Debug|Any CPU
		Release|Any CPU = Release|Any CPU
	EndGlobalSection
	GlobalSection(ProjectConfigurationPlatforms) = postSolution
		{57107CB6-3163-41F6-8854-5A4DC403F2C6}.Debug|Any CPU.ActiveCfg = Debug|Any CPU
		{57107CB6-3163-41F6-8854-5A4DC403F2C6}.Debug|Any CPU.Build.0 = Debug|Any CPU
		{57107CB6-3163-41F6-8854-5A4DC403F2C6}.Release|Any CPU.ActiveCfg = Release|Any CPU
		{57107CB6-3163-41F6-8854-5A4DC403F2C6}.Release|Any CPU.Build.0 = Release|Any CPU
	EndGlobalSection
	GlobalSection(SolutionProperties) = preSolution
		HideSolutionNode = FALSE
	EndGlobalSection
	GlobalSection(ExtensibilityGlobals) = postSolution
		SolutionGuid = {A854697F-C182-4129-BABA-9F7564E67827}
	EndGlobalSection
EndGlobal
